
Microsoft Visual Studio Solution File, Format Version 12.00
# Visual Studio 15
VisualStudioVersion = 15.0.28010.2019
MinimumVisualStudioVersion = 10.0.40219.1
Project("{FAE04EC0-301F-11D3-BF4B-00C04F79EFBC}") = "program1", "program1\program1.csproj", "{1469DFB1-8186-4C64-AD17-B0B2E216DEB5}"
EndProject
Project("{FAE04EC0-301F-11D3-BF4B-00C04F79EFBC}") = "program2", "program2\program2.csproj", "{CC2A3964-E659-43F0-A832-CD385A31D4AC}"
EndProject
Global
	GlobalSection(SolutionConfigurationPlatforms) = preSolution
		Debug|Any CPU = Debug|Any CPU
		Release|Any CPU = Release|Any CPU
	EndGlobalSection
	GlobalSection(ProjectConfigurationPlatforms) = postSolution
		{1469DFB1-8186-4C64-AD17-B0B2E216DEB5}.Debug|Any CPU.ActiveCfg = Debug|Any CPU
		{1469DFB1-8186-4C64-AD17-B0B2E216DEB5}.Debug|Any CPU.Build.0 = Debug|Any CPU
		{1469DFB1-8186-4C64-AD17-B0B2E216DEB5}.Release|Any CPU.ActiveCfg = Release|Any CPU
		{1469DFB1-8186-4C64-AD17-B0B2E216DEB5}.Release|Any CPU.Build.0 = Release|Any CPU
		{CC2A3964-E659-43F0-A832-CD385A31D4AC}.Debug|Any CPU.ActiveCfg = Debug|Any CPU
		{CC2A3964-E659-43F0-A832-CD385A31D4AC}.Debug|Any CPU.Build.0 = Debug|Any CPU
		{CC2A3964-E659-43F0-A832-CD385A31D4AC}.Release|Any CPU.ActiveCfg = Release|Any CPU
		{CC2A3964-E659-43F0-A832-CD385A31D4AC}.Release|Any CPU.Build.0 = Release|Any CPU
	EndGlobalSection
	GlobalSection(SolutionProperties) = preSolution
		HideSolutionNode = FALSE
	EndGlobalSection
	GlobalSection(ExtensibilityGlobals) = postSolution
		SolutionGuid = {FCBF927F-D074-41DC-9305-988DCA81CDC7}
	EndGlobalSection
EndGlobal
